<?xml version="1.0" encoding="utf-8"?>
<Project ToolsVersion="4.0" xmlns="http://schemas.microsoft.com/developer/msbuild/2003">
  <ItemGroup>
    <Filter Include="Source Files">
      <UniqueIdentifier>{4FC737F1-C7A5-4376-A066-2A32D752A2FF}</UniqueIdentifier>
      <Extensions>cpp;c;cc;cxx;def;odl;idl;hpj;bat;asm;asmx</Extensions>
    </Filter>
  </ItemGroup>
  <ItemGroup>
    <ClCompile Include="main.cpp" />
    <ClCompile Include="Clonable.cpp">
      <Filter>Source Files</Filter>
    </ClCompile>
    <ClCompile Include="Clonable_2.cpp">
      <Filter>Source Files</Filter>
    </ClCompile>
    <ClCompile Include="Int2Type.cpp">
      <Filter>Source Files</Filter>
    </ClCompile>
    <ClCompile Include="Type2Type.cpp">
      <Filter>Source Files</Filter>
    </ClCompile>
    <ClCompile Include="TypeList_Index.h">
      <Filter>Source Files</Filter>
    </ClCompile>
    <ClCompile Include="TypeList_Index_Test.cpp">
      <Filter>Source Files</Filter>
    </ClCompile>
    <ClCompile Include="TypeList_Test.cpp">
      <Filter>Source Files</Filter>
    </ClCompile>
    <ClCompile Include="TypeList_IndexOf_Test.cpp">
      <Filter>Source Files</Filter>
    </ClCompile>
    <ClCompile Include="TypeList_Append_Test.cpp">
      <Filter>Source Files</Filter>
    </ClCompile>
    <ClCompile Include="TypeList_Erase_Test.cpp">
      <Filter>Source Files</Filter>
    </ClCompile>
    <ClCompile Include="TypeList_EraseAll_Test.cpp">
      <Filter>Source Files</Filter>
    </ClCompile>
    <ClCompile Include="TypeList_Length_Test.cpp">
      <Filter>Source Files</Filter>
    </ClCompile>
    <ClCompile Include="TypeList_NoDuplicates_Test.cpp">
      <Filter>Source Files</Filter>
    </ClCompile>
    <ClCompile Include="TypeList_Replace_Test.cpp">
      <Filter>Source Files</Filter>
    </ClCompile>
    <ClCompile Include="TypeList_ReplaceAll_Test.cpp">
      <Filter>Source Files</Filter>
    </ClCompile>
    <ClCompile Include="TypeList_DerivedFrom_Test.cpp">
      <Filter>Source Files</Filter>
    </ClCompile>
    <ClCompile Include="TypeList_MostDerived_Test.cpp">
      <Filter>Source Files</Filter>
    </ClCompile>
    <ClCompile Include="TypeList_DerivedToFront_Test.cpp">
      <Filter>Source Files</Filter>
    </ClCompile>
    <ClCompile Include="mStaticCheck_Test.cpp">
      <Filter>Source Files</Filter>
    </ClCompile>
    <ClCompile Include="mConvertion_Test.cpp">
      <Filter>Source Files</Filter>
    </ClCompile>
    <ClCompile Include="mSelect_Test.cpp">
      <Filter>Source Files</Filter>
    </ClCompile>
    <ClCompile Include="TypeList_GetScatterHierarchy_Test.cpp">
      <Filter>Source Files</Filter>
    </ClCompile>
  </ItemGroup>
  <ItemGroup>
    <ClInclude Include="TypeList.h">
      <Filter>Source Files</Filter>
    </ClInclude>
    <ClInclude Include="TypeList_Lists.h">
      <Filter>Source Files</Filter>
    </ClInclude>
    <ClInclude Include="TypeList_Length.h">
      <Filter>Source Files</Filter>
    </ClInclude>
    <ClInclude Include="TypeList_IndexOf.h">
      <Filter>Source Files</Filter>
    </ClInclude>
    <ClInclude Include="TypeList_Append.h">
      <Filter>Source Files</Filter>
    </ClInclude>
    <ClInclude Include="TypeList_Erase.h">
      <Filter>Source Files</Filter>
    </ClInclude>
    <ClInclude Include="TypeList_EraseAll.h">
      <Filter>Source Files</Filter>
    </ClInclude>
    <ClInclude Include="TypeList_NoDuplicates.h">
      <Filter>Source Files</Filter>
    </ClInclude>
    <ClInclude Include="TypeList_Replace.h">
      <Filter>Source Files</Filter>
    </ClInclude>
    <ClInclude Include="TypeList_ReplaceAll.h">
      <Filter>Source Files</Filter>
    </ClInclude>
    <ClInclude Include="TypeList_DerivedFrom.h">
      <Filter>Source Files</Filter>
    </ClInclude>
    <ClInclude Include="TypeList_MostDerived.h">
      <Filter>Source Files</Filter>
    </ClInclude>
    <ClInclude Include="TypeList_DerivedToFront.h">
      <Filter>Source Files</Filter>
    </ClInclude>
    <ClInclude Include="mStaticCheck.h">
      <Filter>Source Files</Filter>
    </ClInclude>
    <ClInclude Include="mConvertion.h">
      <Filter>Source Files</Filter>
    </ClInclude>
    <ClInclude Include="mSelect.h">
      <Filter>Source Files</Filter>
    </ClInclude>
    <ClInclude Include="TypeList_GetScatterHierarchy.h">
      <Filter>Source Files</Filter>
    </ClInclude>
  </ItemGroup>
</Project>