
Microsoft Visual Studio Solution File, Format Version 12.00
# Visual Studio Version 16
VisualStudioVersion = 16.0.28803.202
MinimumVisualStudioVersion = 10.0.40219.1
Project("{8BC9CEB8-8B4A-11D0-8D11-00A0C91BC942}") = "CPP", "CPP\CPP.vcxproj", "{D43F5D4A-9CDC-4328-98A7-9AD8AA6ADB0B}"
EndProject
Project("{8BC9CEB8-8B4A-11D0-8D11-00A0C91BC942}") = "CPP_COMPANY_CREDITS_20190422", "CPP_COMPANY_CREDITS_20190422\CPP_COMPANY_CREDITS_20190422.vcxproj", "{6BD193B4-E1C9-4A28-AA1A-EE3EBE396BAB}"
EndProject
Project("{FAE04EC0-301F-11D3-BF4B-00C04F79EFBC}") = "CSharp", "CSharp\CSharp.csproj", "{76CB869E-88F4-4FBC-B7AB-AEFC3AD5DBC3}"
EndProject
Project("{8BC9CEB8-8B4A-11D0-8D11-00A0C91BC942}") = "CPP_PBSCPP", "CPP_PBSCPP\CPP_PBSCPP.vcxproj", "{07274A62-28DC-49E7-9D23-EBAC2DA508A0}"
EndProject
Global
	GlobalSection(SolutionConfigurationPlatforms) = preSolution
		Debug|Any CPU = Debug|Any CPU
		Debug|x64 = Debug|x64
		Debug|x86 = Debug|x86
		Release|Any CPU = Release|Any CPU
		Release|x64 = Release|x64
		Release|x86 = Release|x86
	EndGlobalSection
	GlobalSection(ProjectConfigurationPlatforms) = postSolution
		{D43F5D4A-9CDC-4328-98A7-9AD8AA6ADB0B}.Debug|Any CPU.ActiveCfg = Debug|Win32
		{D43F5D4A-9CDC-4328-98A7-9AD8AA6ADB0B}.Debug|x64.ActiveCfg = Debug|x64
		{D43F5D4A-9CDC-4328-98A7-9AD8AA6ADB0B}.Debug|x64.Build.0 = Debug|x64
		{D43F5D4A-9CDC-4328-98A7-9AD8AA6ADB0B}.Debug|x86.ActiveCfg = Debug|Win32
		{D43F5D4A-9CDC-4328-98A7-9AD8AA6ADB0B}.Debug|x86.Build.0 = Debug|Win32
		{D43F5D4A-9CDC-4328-98A7-9AD8AA6ADB0B}.Release|Any CPU.ActiveCfg = Release|Win32
		{D43F5D4A-9CDC-4328-98A7-9AD8AA6ADB0B}.Release|x64.ActiveCfg = Release|x64
		{D43F5D4A-9CDC-4328-98A7-9AD8AA6ADB0B}.Release|x64.Build.0 = Release|x64
		{D43F5D4A-9CDC-4328-98A7-9AD8AA6ADB0B}.Release|x86.ActiveCfg = Release|Win32
		{D43F5D4A-9CDC-4328-98A7-9AD8AA6ADB0B}.Release|x86.Build.0 = Release|Win32
		{6BD193B4-E1C9-4A28-AA1A-EE3EBE396BAB}.Debug|Any CPU.ActiveCfg = Debug|Win32
		{6BD193B4-E1C9-4A28-AA1A-EE3EBE396BAB}.Debug|x64.ActiveCfg = Debug|x64
		{6BD193B4-E1C9-4A28-AA1A-EE3EBE396BAB}.Debug|x64.Build.0 = Debug|x64
		{6BD193B4-E1C9-4A28-AA1A-EE3EBE396BAB}.Debug|x86.ActiveCfg = Debug|Win32
		{6BD193B4-E1C9-4A28-AA1A-EE3EBE396BAB}.Debug|x86.Build.0 = Debug|Win32
		{6BD193B4-E1C9-4A28-AA1A-EE3EBE396BAB}.Release|Any CPU.ActiveCfg = Release|Win32
		{6BD193B4-E1C9-4A28-AA1A-EE3EBE396BAB}.Release|x64.ActiveCfg = Release|x64
		{6BD193B4-E1C9-4A28-AA1A-EE3EBE396BAB}.Release|x64.Build.0 = Release|x64
		{6BD193B4-E1C9-4A28-AA1A-EE3EBE396BAB}.Release|x86.ActiveCfg = Release|Win32
		{6BD193B4-E1C9-4A28-AA1A-EE3EBE396BAB}.Release|x86.Build.0 = Release|Win32
		{76CB869E-88F4-4FBC-B7AB-AEFC3AD5DBC3}.Debug|Any CPU.ActiveCfg = Debug|Any CPU
		{76CB869E-88F4-4FBC-B7AB-AEFC3AD5DBC3}.Debug|Any CPU.Build.0 = Debug|Any CPU
		{76CB869E-88F4-4FBC-B7AB-AEFC3AD5DBC3}.Debug|x64.ActiveCfg = Debug|Any CPU
		{76CB869E-88F4-4FBC-B7AB-AEFC3AD5DBC3}.Debug|x64.Build.0 = Debug|Any CPU
		{76CB869E-88F4-4FBC-B7AB-AEFC3AD5DBC3}.Debug|x86.ActiveCfg = Debug|Any CPU
		{76CB869E-88F4-4FBC-B7AB-AEFC3AD5DBC3}.Debug|x86.Build.0 = Debug|Any CPU
		{76CB869E-88F4-4FBC-B7AB-AEFC3AD5DBC3}.Release|Any CPU.ActiveCfg = Release|Any CPU
		{76CB869E-88F4-4FBC-B7AB-AEFC3AD5DBC3}.Release|Any CPU.Build.0 = Release|Any CPU
		{76CB869E-88F4-4FBC-B7AB-AEFC3AD5DBC3}.Release|x64.ActiveCfg = Release|Any CPU
		{76CB869E-88F4-4FBC-B7AB-AEFC3AD5DBC3}.Release|x64.Build.0 = Release|Any CPU
		{76CB869E-88F4-4FBC-B7AB-AEFC3AD5DBC3}.Release|x86.ActiveCfg = Release|Any CPU
		{76CB869E-88F4-4FBC-B7AB-AEFC3AD5DBC3}.Release|x86.Build.0 = Release|Any CPU
		{07274A62-28DC-49E7-9D23-EBAC2DA508A0}.Debug|Any CPU.ActiveCfg = Debug|Win32
		{07274A62-28DC-49E7-9D23-EBAC2DA508A0}.Debug|x64.ActiveCfg = Debug|x64
		{07274A62-28DC-49E7-9D23-EBAC2DA508A0}.Debug|x64.Build.0 = Debug|x64
		{07274A62-28DC-49E7-9D23-EBAC2DA508A0}.Debug|x86.ActiveCfg = Debug|Win32
		{07274A62-28DC-49E7-9D23-EBAC2DA508A0}.Debug|x86.Build.0 = Debug|Win32
		{07274A62-28DC-49E7-9D23-EBAC2DA508A0}.Release|Any CPU.ActiveCfg = Release|Win32
		{07274A62-28DC-49E7-9D23-EBAC2DA508A0}.Release|x64.ActiveCfg = Release|x64
		{07274A62-28DC-49E7-9D23-EBAC2DA508A0}.Release|x64.Build.0 = Release|x64
		{07274A62-28DC-49E7-9D23-EBAC2DA508A0}.Release|x86.ActiveCfg = Release|Win32
		{07274A62-28DC-49E7-9D23-EBAC2DA508A0}.Release|x86.Build.0 = Release|Win32
	EndGlobalSection
	GlobalSection(SolutionProperties) = preSolution
		HideSolutionNode = FALSE
	EndGlobalSection
	GlobalSection(ExtensibilityGlobals) = postSolution
		SolutionGuid = {ECB071A2-423B-474E-8913-A91DFDA7CF82}
	EndGlobalSection
EndGlobal
